
Microsoft Visual Studio Solution File, Format Version 12.00
# Visual Studio Version 16
VisualStudioVersion = 16.0.30104.148
MinimumVisualStudioVersion = 10.0.40219.1
Project("{FAE04EC0-301F-11D3-BF4B-00C04F79EFBC}") = "DevOps1020", "DevOps1020.csproj", "{984E0670-8600-4E22-937F-A974A31F12F9}"
EndProject
Global
	GlobalSection(SolutionConfigurationPlatforms) = preSolution
		Debug|Any CPU = Debug|Any CPU
		Release|Any CPU = Release|Any CPU
	EndGlobalSection
	GlobalSection(ProjectConfigurationPlatforms) = postSolution
		{984E0670-8600-4E22-937F-A974A31F12F9}.Debug|Any CPU.ActiveCfg = Debug|Any CPU
		{984E0670-8600-4E22-937F-A974A31F12F9}.Debug|Any CPU.Build.0 = Debug|Any CPU
		{984E0670-8600-4E22-937F-A974A31F12F9}.Release|Any CPU.ActiveCfg = Release|Any CPU
		{984E0670-8600-4E22-937F-A974A31F12F9}.Release|Any CPU.Build.0 = Release|Any CPU
	EndGlobalSection
	GlobalSection(SolutionProperties) = preSolution
		HideSolutionNode = FALSE
	EndGlobalSection
	GlobalSection(ExtensibilityGlobals) = postSolution
		SolutionGuid = {9CE683C4-F08C-4A80-B2BA-17AACAB6BBCE}
	EndGlobalSection
EndGlobal
